
Microsoft Visual Studio Solution File, Format Version 10.00
# Visual Studio 2008
Project("{FAE04EC0-301F-11D3-BF4B-00C04F79EFBC}") = "show_TextBox", "可输入的下拉框\show_TextBox.csproj", "{4E056A7E-BB54-40DD-8336-D2D389797FEC}"
EndProject
Global
	GlobalSection(SolutionConfigurationPlatforms) = preSolution
		Debug|Any CPU = Debug|Any CPU
		Release|Any CPU = Release|Any CPU
	EndGlobalSection
	GlobalSection(ProjectConfigurationPlatforms) = postSolution
		{4E056A7E-BB54-40DD-8336-D2D389797FEC}.Debug|Any CPU.ActiveCfg = Debug|Any CPU
		{4E056A7E-BB54-40DD-8336-D2D389797FEC}.Debug|Any CPU.Build.0 = Debug|Any CPU
		{4E056A7E-BB54-40DD-8336-D2D389797FEC}.Release|Any CPU.ActiveCfg = Release|Any CPU
		{4E056A7E-BB54-40DD-8336-D2D389797FEC}.Release|Any CPU.Build.0 = Release|Any CPU
	EndGlobalSection
	GlobalSection(SolutionProperties) = preSolution
		HideSolutionNode = FALSE
	EndGlobalSection
EndGlobal
